
Microsoft Visual Studio Solution File, Format Version 12.00
# Visual Studio Version 17
VisualStudioVersion = 17.14.36401.2 d17.14
MinimumVisualStudioVersion = 10.0.40219.1
Project("{FAE04EC0-301F-11D3-BF4B-00C04F79EFBC}") = "StackObject", "StackObject.csproj", "{221450F1-F310-486B-AEDF-4E809FE13373}"
EndProject
Global
	GlobalSection(SolutionConfigurationPlatforms) = preSolution
		Debug|Any CPU = Debug|Any CPU
		Release|Any CPU = Release|Any CPU
	EndGlobalSection
	GlobalSection(ProjectConfigurationPlatforms) = postSolution
		{221450F1-F310-486B-AEDF-4E809FE13373}.Debug|Any CPU.ActiveCfg = Debug|Any CPU
		{221450F1-F310-486B-AEDF-4E809FE13373}.Debug|Any CPU.Build.0 = Debug|Any CPU
		{221450F1-F310-486B-AEDF-4E809FE13373}.Release|Any CPU.ActiveCfg = Release|Any CPU
		{221450F1-F310-486B-AEDF-4E809FE13373}.Release|Any CPU.Build.0 = Release|Any CPU
	EndGlobalSection
	GlobalSection(SolutionProperties) = preSolution
		HideSolutionNode = FALSE
	EndGlobalSection
	GlobalSection(ExtensibilityGlobals) = postSolution
		SolutionGuid = {1BE15E55-BAE8-4CB6-9567-0DBD8DA58FF9}
	EndGlobalSection
EndGlobal
